
Microsoft Visual Studio Solution File, Format Version 12.00
# Visual Studio Version 17
VisualStudioVersion = 17.12.35521.163
MinimumVisualStudioVersion = 10.0.40219.1
Project("{FAE04EC0-301F-11D3-BF4B-00C04F79EFBC}") = "client", "WindowsFormsApp1\client.csproj", "{D4CA0C6C-1C57-4056-ABB8-CE236245B556}"
EndProject
Project("{FAE04EC0-301F-11D3-BF4B-00C04F79EFBC}") = "ChatData", "ChatData\ChatData.csproj", "{C6784CB6-0733-4835-B9EB-7CC3EAEDD08E}"
EndProject
Global
	GlobalSection(SolutionConfigurationPlatforms) = preSolution
		Debug|Any CPU = Debug|Any CPU
		Release|Any CPU = Release|Any CPU
	EndGlobalSection
	GlobalSection(ProjectConfigurationPlatforms) = postSolution
		{D4CA0C6C-1C57-4056-ABB8-CE236245B556}.Debug|Any CPU.ActiveCfg = Debug|Any CPU
		{D4CA0C6C-1C57-4056-ABB8-CE236245B556}.Debug|Any CPU.Build.0 = Debug|Any CPU
		{D4CA0C6C-1C57-4056-ABB8-CE236245B556}.Release|Any CPU.ActiveCfg = Release|Any CPU
		{D4CA0C6C-1C57-4056-ABB8-CE236245B556}.Release|Any CPU.Build.0 = Release|Any CPU
		{C6784CB6-0733-4835-B9EB-7CC3EAEDD08E}.Debug|Any CPU.ActiveCfg = Debug|Any CPU
		{C6784CB6-0733-4835-B9EB-7CC3EAEDD08E}.Debug|Any CPU.Build.0 = Debug|Any CPU
		{C6784CB6-0733-4835-B9EB-7CC3EAEDD08E}.Release|Any CPU.ActiveCfg = Release|Any CPU
		{C6784CB6-0733-4835-B9EB-7CC3EAEDD08E}.Release|Any CPU.Build.0 = Release|Any CPU
	EndGlobalSection
	GlobalSection(SolutionProperties) = preSolution
		HideSolutionNode = FALSE
	EndGlobalSection
EndGlobal
